
Microsoft Visual Studio Solution File, Format Version 12.00
# Visual Studio Version 17
VisualStudioVersion = 17.7.34031.279
MinimumVisualStudioVersion = 10.0.40219.1
Project("{FAE04EC0-301F-11D3-BF4B-00C04F79EFBC}") = "Cashier", "Cashier\Cashier.csproj", "{728B8237-9C0B-4FDC-B71F-22FE8C2CF11F}"
EndProject
Global
	GlobalSection(SolutionConfigurationPlatforms) = preSolution
		Debug|Any CPU = Debug|Any CPU
		Release|Any CPU = Release|Any CPU
	EndGlobalSection
	GlobalSection(ProjectConfigurationPlatforms) = postSolution
		{728B8237-9C0B-4FDC-B71F-22FE8C2CF11F}.Debug|Any CPU.ActiveCfg = Debug|Any CPU
		{728B8237-9C0B-4FDC-B71F-22FE8C2CF11F}.Debug|Any CPU.Build.0 = Debug|Any CPU
		{728B8237-9C0B-4FDC-B71F-22FE8C2CF11F}.Release|Any CPU.ActiveCfg = Release|Any CPU
		{728B8237-9C0B-4FDC-B71F-22FE8C2CF11F}.Release|Any CPU.Build.0 = Release|Any CPU
	EndGlobalSection
	GlobalSection(SolutionProperties) = preSolution
		HideSolutionNode = FALSE
	EndGlobalSection
	GlobalSection(ExtensibilityGlobals) = postSolution
		SolutionGuid = {AA864A80-D477-496D-92E7-0F7132347FCC}
	EndGlobalSection
EndGlobal
